
Microsoft Visual Studio Solution File, Format Version 12.00
# Visual Studio Version 17
VisualStudioVersion = 17.5.001.0
MinimumVisualStudioVersion = 10.0.40219.1
Project("{9A19103F-16F7-4668-BE54-9A1E7A4F7556}") = "anketdeneme", "anketdeneme.csproj", "{281F6E86-3990-493D-8287-707448D0F1DC}"
EndProject
Global
	GlobalSection(SolutionConfigurationPlatforms) = preSolution
		Debug|Any CPU = Debug|Any CPU
		Release|Any CPU = Release|Any CPU
	EndGlobalSection
	GlobalSection(ProjectConfigurationPlatforms) = postSolution
		{281F6E86-3990-493D-8287-707448D0F1DC}.Debug|Any CPU.ActiveCfg = Debug|Any CPU
		{281F6E86-3990-493D-8287-707448D0F1DC}.Debug|Any CPU.Build.0 = Debug|Any CPU
		{281F6E86-3990-493D-8287-707448D0F1DC}.Release|Any CPU.ActiveCfg = Release|Any CPU
		{281F6E86-3990-493D-8287-707448D0F1DC}.Release|Any CPU.Build.0 = Release|Any CPU
	EndGlobalSection
	GlobalSection(SolutionProperties) = preSolution
		HideSolutionNode = FALSE
	EndGlobalSection
	GlobalSection(ExtensibilityGlobals) = postSolution
		SolutionGuid = {8B01D549-68FB-4E49-8F12-3E0AADD5B001}
	EndGlobalSection
EndGlobal
